
Microsoft Visual Studio Solution File, Format Version 12.00
# Visual Studio Version 16
VisualStudioVersion = 16.0.30114.105
MinimumVisualStudioVersion = 10.0.40219.1
Project("{FAE04EC0-301F-11D3-BF4B-00C04F79EFBC}") = "ThisBuy.Web", "ThisBuy.Web\ThisBuy.Web.csproj", "{08941B34-F289-4067-9C3A-4A0E533C25E4}"
EndProject
Project("{FAE04EC0-301F-11D3-BF4B-00C04F79EFBC}") = "ThisBuy.Dal", "ThisBuy.Dal\ThisBuy.Dal.csproj", "{029E8AE5-7CB4-4D01-9BEA-45F0C69FAD54}"
EndProject
Project("{FAE04EC0-301F-11D3-BF4B-00C04F79EFBC}") = "ThisBuy.API", "ThisBuy.API\ThisBuy.API.csproj", "{F04E3564-3E8F-4216-8A48-A1B5BBED2E31}"
EndProject
Global
	GlobalSection(SolutionConfigurationPlatforms) = preSolution
		Debug|Any CPU = Debug|Any CPU
		Release|Any CPU = Release|Any CPU
	EndGlobalSection
	GlobalSection(ProjectConfigurationPlatforms) = postSolution
		{08941B34-F289-4067-9C3A-4A0E533C25E4}.Debug|Any CPU.ActiveCfg = Debug|Any CPU
		{08941B34-F289-4067-9C3A-4A0E533C25E4}.Debug|Any CPU.Build.0 = Debug|Any CPU
		{08941B34-F289-4067-9C3A-4A0E533C25E4}.Release|Any CPU.ActiveCfg = Release|Any CPU
		{08941B34-F289-4067-9C3A-4A0E533C25E4}.Release|Any CPU.Build.0 = Release|Any CPU
		{029E8AE5-7CB4-4D01-9BEA-45F0C69FAD54}.Debug|Any CPU.ActiveCfg = Debug|Any CPU
		{029E8AE5-7CB4-4D01-9BEA-45F0C69FAD54}.Debug|Any CPU.Build.0 = Debug|Any CPU
		{029E8AE5-7CB4-4D01-9BEA-45F0C69FAD54}.Release|Any CPU.ActiveCfg = Release|Any CPU
		{029E8AE5-7CB4-4D01-9BEA-45F0C69FAD54}.Release|Any CPU.Build.0 = Release|Any CPU
		{F04E3564-3E8F-4216-8A48-A1B5BBED2E31}.Debug|Any CPU.ActiveCfg = Debug|Any CPU
		{F04E3564-3E8F-4216-8A48-A1B5BBED2E31}.Debug|Any CPU.Build.0 = Debug|Any CPU
		{F04E3564-3E8F-4216-8A48-A1B5BBED2E31}.Release|Any CPU.ActiveCfg = Release|Any CPU
		{F04E3564-3E8F-4216-8A48-A1B5BBED2E31}.Release|Any CPU.Build.0 = Release|Any CPU
	EndGlobalSection
	GlobalSection(SolutionProperties) = preSolution
		HideSolutionNode = FALSE
	EndGlobalSection
	GlobalSection(ExtensibilityGlobals) = postSolution
		SolutionGuid = {A767F0DE-DCDA-4EA3-A943-393EA9A8587B}
	EndGlobalSection
EndGlobal
